// !$*UTF8*$!
{
	archiveVersion = 1;
	classes = {
	};
	objectVersion = 56;
	objects = {

/* Begin PBXBuildFile section */
		5778718C2C6185E600D2A80F /* SparInternApp.swift in Sources */ = {isa = PBXBuildFile; fileRef = 5778718B2C6185E600D2A80F /* SparInternApp.swift */; };
		5778718E2C6185E600D2A80F /* ProductListView.swift in Sources */ = {isa = PBXBuildFile; fileRef = 5778718D2C6185E600D2A80F /* ProductListView.swift */; };
		577871902C6185E900D2A80F /* Assets.xcassets in Resources */ = {isa = PBXBuildFile; fileRef = 5778718F2C6185E900D2A80F /* Assets.xcassets */; };
		577871932C6185E900D2A80F /* Preview Assets.xcassets in Resources */ = {isa = PBXBuildFile; fileRef = 577871922C6185E900D2A80F /* Preview Assets.xcassets */; };
		5778719D2C618E5300D2A80F /* ProductInformation.swift in Sources */ = {isa = PBXBuildFile; fileRef = 5778719C2C618E5300D2A80F /* ProductInformation.swift */; };
		5778719F2C61A36F00D2A80F /* ProductGridView.swift in Sources */ = {isa = PBXBuildFile; fileRef = 5778719E2C61A36F00D2A80F /* ProductGridView.swift */; };
		577871A22C62974700D2A80F /* Resources.swift in Sources */ = {isa = PBXBuildFile; fileRef = 577871A12C62974600D2A80F /* Resources.swift */; };
		577871A52C62978800D2A80F /* UIColor + ext.swift in Sources */ = {isa = PBXBuildFile; fileRef = 577871A42C62978700D2A80F /* UIColor + ext.swift */; };
		577871A72C62A9CB00D2A80F /* ProductCardView.swift in Sources */ = {isa = PBXBuildFile; fileRef = 577871A62C62A9CB00D2A80F /* ProductCardView.swift */; };
		577871AF2C63A7DC00D2A80F /* ProductService.swift in Sources */ = {isa = PBXBuildFile; fileRef = 577871AE2C63A7DC00D2A80F /* ProductService.swift */; };
		577871B12C63A88E00D2A80F /* ProductViewModel.swift in Sources */ = {isa = PBXBuildFile; fileRef = 577871B02C63A88E00D2A80F /* ProductViewModel.swift */; };
		577871B32C63B13500D2A80F /* ProductMainView.swift in Sources */ = {isa = PBXBuildFile; fileRef = 577871B22C63B13500D2A80F /* ProductMainView.swift */; };
/* End PBXBuildFile section */

/* Begin PBXFileReference section */
		577871882C6185E600D2A80F /* SparIntern.app */ = {isa = PBXFileReference; explicitFileType = wrapper.application; includeInIndex = 0; path = SparIntern.app; sourceTree = BUILT_PRODUCTS_DIR; };
		5778718B2C6185E600D2A80F /* SparInternApp.swift */ = {isa = PBXFileReference; lastKnownFileType = sourcecode.swift; path = SparInternApp.swift; sourceTree = "<group>"; };
		5778718D2C6185E600D2A80F /* ProductListView.swift */ = {isa = PBXFileReference; lastKnownFileType = sourcecode.swift; path = ProductListView.swift; sourceTree = "<group>"; };
		5778718F2C6185E900D2A80F /* Assets.xcassets */ = {isa = PBXFileReference; lastKnownFileType = folder.assetcatalog; path = Assets.xcassets; sourceTree = "<group>"; };
		577871922C6185E900D2A80F /* Preview Assets.xcassets */ = {isa = PBXFileReference; lastKnownFileType = folder.assetcatalog; path = "Preview Assets.xcassets"; sourceTree = "<group>"; };
		5778719C2C618E5300D2A80F /* ProductInformation.swift */ = {isa = PBXFileReference; lastKnownFileType = sourcecode.swift; path = ProductInformation.swift; sourceTree = "<group>"; };
		5778719E2C61A36F00D2A80F /* ProductGridView.swift */ = {isa = PBXFileReference; lastKnownFileType = sourcecode.swift; path = ProductGridView.swift; sourceTree = "<group>"; };
		577871A12C62974600D2A80F /* Resources.swift */ = {isa = PBXFileReference; lastKnownFileType = sourcecode.swift; path = Resources.swift; sourceTree = "<group>"; };
		577871A42C62978700D2A80F /* UIColor + ext.swift */ = {isa = PBXFileReference; lastKnownFileType = sourcecode.swift; path = "UIColor + ext.swift"; sourceTree = "<group>"; };
		577871A62C62A9CB00D2A80F /* ProductCardView.swift */ = {isa = PBXFileReference; lastKnownFileType = sourcecode.swift; path = ProductCardView.swift; sourceTree = "<group>"; };
		577871AE2C63A7DC00D2A80F /* ProductService.swift */ = {isa = PBXFileReference; lastKnownFileType = sourcecode.swift; path = ProductService.swift; sourceTree = "<group>"; };
		577871B02C63A88E00D2A80F /* ProductViewModel.swift */ = {isa = PBXFileReference; lastKnownFileType = sourcecode.swift; path = ProductViewModel.swift; sourceTree = "<group>"; };
		577871B22C63B13500D2A80F /* ProductMainView.swift */ = {isa = PBXFileReference; lastKnownFileType = sourcecode.swift; path = ProductMainView.swift; sourceTree = "<group>"; };
/* End PBXFileReference section */

/* Begin PBXFrameworksBuildPhase section */
		577871852C6185E600D2A80F /* Frameworks */ = {
			isa = PBXFrameworksBuildPhase;
			buildActionMask = 2147483647;
			files = (
			);
			runOnlyForDeploymentPostprocessing = 0;
		};
/* End PBXFrameworksBuildPhase section */

/* Begin PBXGroup section */
		5778717F2C6185E600D2A80F = {
			isa = PBXGroup;
			children = (
				5778718A2C6185E600D2A80F /* SparIntern */,
				577871892C6185E600D2A80F /* Products */,
			);
			sourceTree = "<group>";
		};
		577871892C6185E600D2A80F /* Products */ = {
			isa = PBXGroup;
			children = (
				577871882C6185E600D2A80F /* SparIntern.app */,
			);
			name = Products;
			sourceTree = "<group>";
		};
		5778718A2C6185E600D2A80F /* SparIntern */ = {
			isa = PBXGroup;
			children = (
				577871AD2C63A75800D2A80F /* Service */,
				577871A02C62973D00D2A80F /* Helpers */,
				5778719B2C618C4E00D2A80F /* ViewModels */,
				5778719A2C618C3E00D2A80F /* Views */,
				577871992C618C3200D2A80F /* Models */,
				5778718B2C6185E600D2A80F /* SparInternApp.swift */,
				5778718F2C6185E900D2A80F /* Assets.xcassets */,
				577871912C6185E900D2A80F /* Preview Content */,
			);
			path = SparIntern;
			sourceTree = "<group>";
		};
		577871912C6185E900D2A80F /* Preview Content */ = {
			isa = PBXGroup;
			children = (
				577871922C6185E900D2A80F /* Preview Assets.xcassets */,
			);
			path = "Preview Content";
			sourceTree = "<group>";
		};
		577871992C618C3200D2A80F /* Models */ = {
			isa = PBXGroup;
			children = (
				5778719C2C618E5300D2A80F /* ProductInformation.swift */,
			);
			path = Models;
			sourceTree = "<group>";
		};
		5778719A2C618C3E00D2A80F /* Views */ = {
			isa = PBXGroup;
			children = (
				5778718D2C6185E600D2A80F /* ProductListView.swift */,
				5778719E2C61A36F00D2A80F /* ProductGridView.swift */,
				577871A62C62A9CB00D2A80F /* ProductCardView.swift */,
				577871B22C63B13500D2A80F /* ProductMainView.swift */,
			);
			path = Views;
			sourceTree = "<group>";
		};
		5778719B2C618C4E00D2A80F /* ViewModels */ = {
			isa = PBXGroup;
			children = (
				577871B02C63A88E00D2A80F /* ProductViewModel.swift */,
			);
			path = ViewModels;
			sourceTree = "<group>";
		};
		577871A02C62973D00D2A80F /* Helpers */ = {
			isa = PBXGroup;
			children = (
				577871A32C62976700D2A80F /* Extensions */,
				577871A12C62974600D2A80F /* Resources.swift */,
			);
			path = Helpers;
			sourceTree = "<group>";
		};
		577871A32C62976700D2A80F /* Extensions */ = {
			isa = PBXGroup;
			children = (
				577871A42C62978700D2A80F /* UIColor + ext.swift */,
			);
			path = Extensions;
			sourceTree = "<group>";
		};
		577871AD2C63A75800D2A80F /* Service */ = {
			isa = PBXGroup;
			children = (
				577871AE2C63A7DC00D2A80F /* ProductService.swift */,
			);
			path = Service;
			sourceTree = "<group>";
		};
/* End PBXGroup section */

/* Begin PBXNativeTarget section */
		577871872C6185E600D2A80F /* SparIntern */ = {
			isa = PBXNativeTarget;
			buildConfigurationList = 577871962C6185E900D2A80F /* Build configuration list for PBXNativeTarget "SparIntern" */;
			buildPhases = (
				577871842C6185E600D2A80F /* Sources */,
				577871852C6185E600D2A80F /* Frameworks */,
				577871862C6185E600D2A80F /* Resources */,
			);
			buildRules = (
			);
			dependencies = (
			);
			name = SparIntern;
			productName = SparIntern;
			productReference = 577871882C6185E600D2A80F /* SparIntern.app */;
			productType = "com.apple.product-type.application";
		};
/* End PBXNativeTarget section */

/* Begin PBXProject section */
		577871802C6185E600D2A80F /* Project object */ = {
			isa = PBXProject;
			attributes = {
				BuildIndependentTargetsInParallel = 1;
				LastSwiftUpdateCheck = 1540;
				LastUpgradeCheck = 1540;
				TargetAttributes = {
					577871872C6185E600D2A80F = {
						CreatedOnToolsVersion = 15.4;
					};
				};
			};
			buildConfigurationList = 577871832C6185E600D2A80F /* Build configuration list for PBXProject "SparIntern" */;
			compatibilityVersion = "Xcode 14.0";
			developmentRegion = en;
			hasScannedForEncodings = 0;
			knownRegions = (
				en,
				Base,
			);
			mainGroup = 5778717F2C6185E600D2A80F;
			productRefGroup = 577871892C6185E600D2A80F /* Products */;
			projectDirPath = "";
			projectRoot = "";
			targets = (
				577871872C6185E600D2A80F /* SparIntern */,
			);
		};
/* End PBXProject section */

/* Begin PBXResourcesBuildPhase section */
		577871862C6185E600D2A80F /* Resources */ = {
			isa = PBXResourcesBuildPhase;
			buildActionMask = 2147483647;
			files = (
				577871932C6185E900D2A80F /* Preview Assets.xcassets in Resources */,
				577871902C6185E900D2A80F /* Assets.xcassets in Resources */,
			);
			runOnlyForDeploymentPostprocessing = 0;
		};
/* End PBXResourcesBuildPhase section */

/* Begin PBXSourcesBuildPhase section */
		577871842C6185E600D2A80F /* Sources */ = {
			isa = PBXSourcesBuildPhase;
			buildActionMask = 2147483647;
			files = (
				577871A22C62974700D2A80F /* Resources.swift in Sources */,
				577871AF2C63A7DC00D2A80F /* ProductService.swift in Sources */,
				5778718E2C6185E600D2A80F /* ProductListView.swift in Sources */,
				577871B32C63B13500D2A80F /* ProductMainView.swift in Sources */,
				5778719D2C618E5300D2A80F /* ProductInformation.swift in Sources */,
				577871A52C62978800D2A80F /* UIColor + ext.swift in Sources */,
				577871B12C63A88E00D2A80F /* ProductViewModel.swift in Sources */,
				5778719F2C61A36F00D2A80F /* ProductGridView.swift in Sources */,
				5778718C2C6185E600D2A80F /* SparInternApp.swift in Sources */,
				577871A72C62A9CB00D2A80F /* ProductCardView.swift in Sources */,
			);
			runOnlyForDeploymentPostprocessing = 0;
		};
/* End PBXSourcesBuildPhase section */

/* Begin XCBuildConfiguration section */
		577871942C6185E900D2A80F /* Debug */ = {
			isa = XCBuildConfiguration;
			buildSettings = {
				ALWAYS_SEARCH_USER_PATHS = NO;
				ASSETCATALOG_COMPILER_GENERATE_SWIFT_ASSET_SYMBOL_EXTENSIONS = YES;
				CLANG_ANALYZER_NONNULL = YES;
				CLANG_ANALYZER_NUMBER_OBJECT_CONVERSION = YES_AGGRESSIVE;
				CLANG_CXX_LANGUAGE_STANDARD = "gnu++20";
				CLANG_ENABLE_MODULES = YES;
				CLANG_ENABLE_OBJC_ARC = YES;
				CLANG_ENABLE_OBJC_WEAK = YES;
				CLANG_WARN_BLOCK_CAPTURE_AUTORELEASING = YES;
				CLANG_WARN_BOOL_CONVERSION = YES;
				CLANG_WARN_COMMA = YES;
				CLANG_WARN_CONSTANT_CONVERSION = YES;
				CLANG_WARN_DEPRECATED_OBJC_IMPLEMENTATIONS = YES;
				CLANG_WARN_DIRECT_OBJC_ISA_USAGE = YES_ERROR;
				CLANG_WARN_DOCUMENTATION_COMMENTS = YES;
				CLANG_WARN_EMPTY_BODY = YES;
				CLANG_WARN_ENUM_CONVERSION = YES;
				CLANG_WARN_INFINITE_RECURSION = YES;
				CLANG_WARN_INT_CONVERSION = YES;
				CLANG_WARN_NON_LITERAL_NULL_CONVERSION = YES;
				CLANG_WARN_OBJC_IMPLICIT_RETAIN_SELF = YES;
				CLANG_WARN_OBJC_LITERAL_CONVERSION = YES;
				CLANG_WARN_OBJC_ROOT_CLASS = YES_ERROR;
				CLANG_WARN_QUOTED_INCLUDE_IN_FRAMEWORK_HEADER = YES;
				CLANG_WARN_RANGE_LOOP_ANALYSIS = YES;
				CLANG_WARN_STRICT_PROTOTYPES = YES;
				CLANG_WARN_SUSPICIOUS_MOVE = YES;
				CLANG_WARN_UNGUARDED_AVAILABILITY = YES_AGGRESSIVE;
				CLANG_WARN_UNREACHABLE_CODE = YES;
				CLANG_WARN__DUPLICATE_METHOD_MATCH = YES;
				COPY_PHASE_STRIP = NO;
				DEBUG_INFORMATION_FORMAT = dwarf;
				ENABLE_STRICT_OBJC_MSGSEND = YES;
				ENABLE_TESTABILITY = YES;
				ENABLE_USER_SCRIPT_SANDBOXING = YES;
				GCC_C_LANGUAGE_STANDARD = gnu17;
				GCC_DYNAMIC_NO_PIC = NO;
				GCC_NO_COMMON_BLOCKS = YES;
				GCC_OPTIMIZATION_LEVEL = 0;
				GCC_PREPROCESSOR_DEFINITIONS = (
					"DEBUG=1",
					"$(inherited)",
				);
				GCC_WARN_64_TO_32_BIT_CONVERSION = YES;
				GCC_WARN_ABOUT_RETURN_TYPE = YES_ERROR;
				GCC_WARN_UNDECLARED_SELECTOR = YES;
				GCC_WARN_UNINITIALIZED_AUTOS = YES_AGGRESSIVE;
				GCC_WARN_UNUSED_FUNCTION = YES;
				GCC_WARN_UNUSED_VARIABLE = YES;
				IPHONEOS_DEPLOYMENT_TARGET = 16.0;
				LOCALIZATION_PREFERS_STRING_CATALOGS = YES;
				MTL_ENABLE_DEBUG_INFO = INCLUDE_SOURCE;
				MTL_FAST_MATH = YES;
				ONLY_ACTIVE_ARCH = YES;
				SDKROOT = iphoneos;
				SWIFT_ACTIVE_COMPILATION_CONDITIONS = "DEBUG $(inherited)";
				SWIFT_OPTIMIZATION_LEVEL = "-Onone";
			};
			name = Debug;
		};
		577871952C6185E900D2A80F /* Release */ = {
			isa = XCBuildConfiguration;
			buildSettings = {
				ALWAYS_SEARCH_USER_PATHS = NO;
				ASSETCATALOG_COMPILER_GENERATE_SWIFT_ASSET_SYMBOL_EXTENSIONS = YES;
				CLANG_ANALYZER_NONNULL = YES;
				CLANG_ANALYZER_NUMBER_OBJECT_CONVERSION = YES_AGGRESSIVE;
				CLANG_CXX_LANGUAGE_STANDARD = "gnu++20";
				CLANG_ENABLE_MODULES = YES;
				CLANG_ENABLE_OBJC_ARC = YES;
				CLANG_ENABLE_OBJC_WEAK = YES;
				CLANG_WARN_BLOCK_CAPTURE_AUTORELEASING = YES;
				CLANG_WARN_BOOL_CONVERSION = YES;
				CLANG_WARN_COMMA = YES;
				CLANG_WARN_CONSTANT_CONVERSION = YES;
				CLANG_WARN_DEPRECATED_OBJC_IMPLEMENTATIONS = YES;
				CLANG_WARN_DIRECT_OBJC_ISA_USAGE = YES_ERROR;
				CLANG_WARN_DOCUMENTATION_COMMENTS = YES;
				CLANG_WARN_EMPTY_BODY = YES;
				CLANG_WARN_ENUM_CONVERSION = YES;
				CLANG_WARN_INFINITE_RECURSION = YES;
				CLANG_WARN_INT_CONVERSION = YES;
				CLANG_WARN_NON_LITERAL_NULL_CONVERSION = YES;
				CLANG_WARN_OBJC_IMPLICIT_RETAIN_SELF = YES;
				CLANG_WARN_OBJC_LITERAL_CONVERSION = YES;
				CLANG_WARN_OBJC_ROOT_CLASS = YES_ERROR;
				CLANG_WARN_QUOTED_INCLUDE_IN_FRAMEWORK_HEADER = YES;
				CLANG_WARN_RANGE_LOOP_ANALYSIS = YES;
				CLANG_WARN_STRICT_PROTOTYPES = YES;
				CLANG_WARN_SUSPICIOUS_MOVE = YES;
				CLANG_WARN_UNGUARDED_AVAILABILITY = YES_AGGRESSIVE;
				CLANG_WARN_UNREACHABLE_CODE = YES;
				CLANG_WARN__DUPLICATE_METHOD_MATCH = YES;
				COPY_PHASE_STRIP = NO;
				DEBUG_INFORMATION_FORMAT = "dwarf-with-dsym";
				ENABLE_NS_ASSERTIONS = NO;
				ENABLE_STRICT_OBJC_MSGSEND = YES;
				ENABLE_USER_SCRIPT_SANDBOXING = YES;
				GCC_C_LANGUAGE_STANDARD = gnu17;
				GCC_NO_COMMON_BLOCKS = YES;
				GCC_WARN_64_TO_32_BIT_CONVERSION = YES;
				GCC_WARN_ABOUT_RETURN_TYPE = YES_ERROR;
				GCC_WARN_UNDECLARED_SELECTOR = YES;
				GCC_WARN_UNINITIALIZED_AUTOS = YES_AGGRESSIVE;
				GCC_WARN_UNUSED_FUNCTION = YES;
				GCC_WARN_UNUSED_VARIABLE = YES;
				IPHONEOS_DEPLOYMENT_TARGET = 16.0;
				LOCALIZATION_PREFERS_STRING_CATALOGS = YES;
				MTL_ENABLE_DEBUG_INFO = NO;
				MTL_FAST_MATH = YES;
				SDKROOT = iphoneos;
				SWIFT_COMPILATION_MODE = wholemodule;
				VALIDATE_PRODUCT = YES;
			};
			name = Release;
		};
		577871972C6185E900D2A80F /* Debug */ = {
			isa = XCBuildConfiguration;
			buildSettings = {
				ASSETCATALOG_COMPILER_APPICON_NAME = AppIcon;
				ASSETCATALOG_COMPILER_GLOBAL_ACCENT_COLOR_NAME = AccentColor;
				CODE_SIGN_STYLE = Automatic;
				CURRENT_PROJECT_VERSION = 1;
				DEVELOPMENT_ASSET_PATHS = "\"SparIntern/Preview Content\"";
				DEVELOPMENT_TEAM = LJZ97X76W9;
				ENABLE_PREVIEWS = YES;
				GENERATE_INFOPLIST_FILE = YES;
				INFOPLIST_KEY_UIApplicationSceneManifest_Generation = YES;
				INFOPLIST_KEY_UIApplicationSupportsIndirectInputEvents = YES;
				INFOPLIST_KEY_UILaunchScreen_Generation = YES;
				INFOPLIST_KEY_UISupportedInterfaceOrientations_iPad = "UIInterfaceOrientationPortrait UIInterfaceOrientationPortraitUpsideDown UIInterfaceOrientationLandscapeLeft UIInterfaceOrientationLandscapeRight";
				INFOPLIST_KEY_UISupportedInterfaceOrientations_iPhone = "UIInterfaceOrientationPortrait UIInterfaceOrientationLandscapeLeft UIInterfaceOrientationLandscapeRight";
				IPHONEOS_DEPLOYMENT_TARGET = 16.0;
				LD_RUNPATH_SEARCH_PATHS = (
					"$(inherited)",
					"@executable_path/Frameworks",
				);
				MARKETING_VERSION = 1.0;
				PRODUCT_BUNDLE_IDENTIFIER = com.kitreezy.SparIntern;
				PRODUCT_NAME = "$(TARGET_NAME)";
				SWIFT_EMIT_LOC_STRINGS = YES;
				SWIFT_VERSION = 5.0;
				TARGETED_DEVICE_FAMILY = "1,2";
			};
			name = Debug;
		};
		577871982C6185E900D2A80F /* Release */ = {
			isa = XCBuildConfiguration;
			buildSettings = {
				ASSETCATALOG_COMPILER_APPICON_NAME = AppIcon;
				ASSETCATALOG_COMPILER_GLOBAL_ACCENT_COLOR_NAME = AccentColor;
				CODE_SIGN_STYLE = Automatic;
				CURRENT_PROJECT_VERSION = 1;
				DEVELOPMENT_ASSET_PATHS = "\"SparIntern/Preview Content\"";
				DEVELOPMENT_TEAM = LJZ97X76W9;
				ENABLE_PREVIEWS = YES;
				GENERATE_INFOPLIST_FILE = YES;
				INFOPLIST_KEY_UIApplicationSceneManifest_Generation = YES;
				INFOPLIST_KEY_UIApplicationSupportsIndirectInputEvents = YES;
				INFOPLIST_KEY_UILaunchScreen_Generation = YES;
				INFOPLIST_KEY_UISupportedInterfaceOrientations_iPad = "UIInterfaceOrientationPortrait UIInterfaceOrientationPortraitUpsideDown UIInterfaceOrientationLandscapeLeft UIInterfaceOrientationLandscapeRight";
				INFOPLIST_KEY_UISupportedInterfaceOrientations_iPhone = "UIInterfaceOrientationPortrait UIInterfaceOrientationLandscapeLeft UIInterfaceOrientationLandscapeRight";
				IPHONEOS_DEPLOYMENT_TARGET = 16.0;
				LD_RUNPATH_SEARCH_PATHS = (
					"$(inherited)",
					"@executable_path/Frameworks",
				);
				MARKETING_VERSION = 1.0;
				PRODUCT_BUNDLE_IDENTIFIER = com.kitreezy.SparIntern;
				PRODUCT_NAME = "$(TARGET_NAME)";
				SWIFT_EMIT_LOC_STRINGS = YES;
				SWIFT_VERSION = 5.0;
				TARGETED_DEVICE_FAMILY = "1,2";
			};
			name = Release;
		};
/* End XCBuildConfiguration section */

/* Begin XCConfigurationList section */
		577871832C6185E600D2A80F /* Build configuration list for PBXProject "SparIntern" */ = {
			isa = XCConfigurationList;
			buildConfigurations = (
				577871942C6185E900D2A80F /* Debug */,
				577871952C6185E900D2A80F /* Release */,
			);
			defaultConfigurationIsVisible = 0;
			defaultConfigurationName = Release;
		};
		577871962C6185E900D2A80F /* Build configuration list for PBXNativeTarget "SparIntern" */ = {
			isa = XCConfigurationList;
			buildConfigurations = (
				577871972C6185E900D2A80F /* Debug */,
				577871982C6185E900D2A80F /* Release */,
			);
			defaultConfigurationIsVisible = 0;
			defaultConfigurationName = Release;
		};
/* End XCConfigurationList section */
	};
	rootObject = 577871802C6185E600D2A80F /* Project object */;
}
